
Microsoft Visual Studio Solution File, Format Version 12.00
# Visual Studio Version 16
VisualStudioVersion = 16.0.29306.81
MinimumVisualStudioVersion = 10.0.40219.1
Project("{FAE04EC0-301F-11D3-BF4B-00C04F79EFBC}") = "KeyValueStore", "KeyValueStore\KeyValueStore.csproj", "{23D9D34D-54ED-4032-961D-6DB9FDE4A125}"
EndProject
Global
	GlobalSection(SolutionConfigurationPlatforms) = preSolution
		Debug|Any CPU = Debug|Any CPU
		Release|Any CPU = Release|Any CPU
	EndGlobalSection
	GlobalSection(ProjectConfigurationPlatforms) = postSolution
		{23D9D34D-54ED-4032-961D-6DB9FDE4A125}.Debug|Any CPU.ActiveCfg = Debug|Any CPU
		{23D9D34D-54ED-4032-961D-6DB9FDE4A125}.Debug|Any CPU.Build.0 = Debug|Any CPU
		{23D9D34D-54ED-4032-961D-6DB9FDE4A125}.Release|Any CPU.ActiveCfg = Release|Any CPU
		{23D9D34D-54ED-4032-961D-6DB9FDE4A125}.Release|Any CPU.Build.0 = Release|Any CPU
	EndGlobalSection
	GlobalSection(SolutionProperties) = preSolution
		HideSolutionNode = FALSE
	EndGlobalSection
	GlobalSection(ExtensibilityGlobals) = postSolution
		SolutionGuid = {14B3F094-1E19-43DC-9959-B70DC96F77A6}
	EndGlobalSection
EndGlobal
